
Microsoft Visual Studio Solution File, Format Version 12.00
# Visual Studio 15
VisualStudioVersion = 15.0.27004.2008
MinimumVisualStudioVersion = 10.0.40219.1
Project("{9A19103F-16F7-4668-BE54-9A1E7A4F7556}") = "UserVoice.WebApp", "UserVoice.WebApp\UserVoice.WebApp.csproj", "{5D3858AF-63EC-4202-A99A-856FE6345CA8}"
EndProject
Project("{9A19103F-16F7-4668-BE54-9A1E7A4F7556}") = "UserVoice.Entity", "UserVoice.Entity\UserVoice.Entity.csproj", "{C1D08048-DDA9-4151-82B2-0A406F36C631}"
EndProject
Project("{9A19103F-16F7-4668-BE54-9A1E7A4F7556}") = "UserVoice.Repository", "UserVoice.Repository\UserVoice.Repository.csproj", "{1465058C-BA49-4EDB-9D42-A78DD65BE3F7}"
EndProject
Project("{9A19103F-16F7-4668-BE54-9A1E7A4F7556}") = "UserVoice.Service", "UserVoice.Service\UserVoice.Service.csproj", "{1A89B6B2-4982-4B27-93D8-A24D7E4F740B}"
EndProject
Project("{9A19103F-16F7-4668-BE54-9A1E7A4F7556}") = "UserVoice.Application", "UserVoice.Application\UserVoice.Application.csproj", "{A0A3A2CA-0E5B-4F07-8335-098B6E34F7AA}"
EndProject
Global
	GlobalSection(SolutionConfigurationPlatforms) = preSolution
		Debug|Any CPU = Debug|Any CPU
		Release|Any CPU = Release|Any CPU
	EndGlobalSection
	GlobalSection(ProjectConfigurationPlatforms) = postSolution
		{5D3858AF-63EC-4202-A99A-856FE6345CA8}.Debug|Any CPU.ActiveCfg = Debug|Any CPU
		{5D3858AF-63EC-4202-A99A-856FE6345CA8}.Debug|Any CPU.Build.0 = Debug|Any CPU
		{5D3858AF-63EC-4202-A99A-856FE6345CA8}.Release|Any CPU.ActiveCfg = Release|Any CPU
		{5D3858AF-63EC-4202-A99A-856FE6345CA8}.Release|Any CPU.Build.0 = Release|Any CPU
		{C1D08048-DDA9-4151-82B2-0A406F36C631}.Debug|Any CPU.ActiveCfg = Debug|Any CPU
		{C1D08048-DDA9-4151-82B2-0A406F36C631}.Debug|Any CPU.Build.0 = Debug|Any CPU
		{C1D08048-DDA9-4151-82B2-0A406F36C631}.Release|Any CPU.ActiveCfg = Release|Any CPU
		{C1D08048-DDA9-4151-82B2-0A406F36C631}.Release|Any CPU.Build.0 = Release|Any CPU
		{1465058C-BA49-4EDB-9D42-A78DD65BE3F7}.Debug|Any CPU.ActiveCfg = Debug|Any CPU
		{1465058C-BA49-4EDB-9D42-A78DD65BE3F7}.Debug|Any CPU.Build.0 = Debug|Any CPU
		{1465058C-BA49-4EDB-9D42-A78DD65BE3F7}.Release|Any CPU.ActiveCfg = Release|Any CPU
		{1465058C-BA49-4EDB-9D42-A78DD65BE3F7}.Release|Any CPU.Build.0 = Release|Any CPU
		{1A89B6B2-4982-4B27-93D8-A24D7E4F740B}.Debug|Any CPU.ActiveCfg = Debug|Any CPU
		{1A89B6B2-4982-4B27-93D8-A24D7E4F740B}.Debug|Any CPU.Build.0 = Debug|Any CPU
		{1A89B6B2-4982-4B27-93D8-A24D7E4F740B}.Release|Any CPU.ActiveCfg = Release|Any CPU
		{1A89B6B2-4982-4B27-93D8-A24D7E4F740B}.Release|Any CPU.Build.0 = Release|Any CPU
		{A0A3A2CA-0E5B-4F07-8335-098B6E34F7AA}.Debug|Any CPU.ActiveCfg = Debug|Any CPU
		{A0A3A2CA-0E5B-4F07-8335-098B6E34F7AA}.Debug|Any CPU.Build.0 = Debug|Any CPU
		{A0A3A2CA-0E5B-4F07-8335-098B6E34F7AA}.Release|Any CPU.ActiveCfg = Release|Any CPU
		{A0A3A2CA-0E5B-4F07-8335-098B6E34F7AA}.Release|Any CPU.Build.0 = Release|Any CPU
	EndGlobalSection
	GlobalSection(SolutionProperties) = preSolution
		HideSolutionNode = FALSE
	EndGlobalSection
	GlobalSection(ExtensibilityGlobals) = postSolution
		SolutionGuid = {6064E2CD-86B8-4DDB-929F-B01F06945FD0}
	EndGlobalSection
EndGlobal
